
Microsoft Visual Studio Solution File, Format Version 12.00
# Visual Studio Version 16
VisualStudioVersion = 16.0.31205.134
MinimumVisualStudioVersion = 10.0.40219.1
Project("{FAE04EC0-301F-11D3-BF4B-00C04F79EFBC}") = "Project01", "Project01.csproj", "{A8A5BB70-06B6-42CF-B744-6200CC172EAA}"
EndProject
Global
	GlobalSection(SolutionConfigurationPlatforms) = preSolution
		Debug|Any CPU = Debug|Any CPU
		Release|Any CPU = Release|Any CPU
	EndGlobalSection
	GlobalSection(ProjectConfigurationPlatforms) = postSolution
		{A8A5BB70-06B6-42CF-B744-6200CC172EAA}.Debug|Any CPU.ActiveCfg = Debug|Any CPU
		{A8A5BB70-06B6-42CF-B744-6200CC172EAA}.Debug|Any CPU.Build.0 = Debug|Any CPU
		{A8A5BB70-06B6-42CF-B744-6200CC172EAA}.Release|Any CPU.ActiveCfg = Release|Any CPU
		{A8A5BB70-06B6-42CF-B744-6200CC172EAA}.Release|Any CPU.Build.0 = Release|Any CPU
	EndGlobalSection
	GlobalSection(SolutionProperties) = preSolution
		HideSolutionNode = FALSE
	EndGlobalSection
	GlobalSection(ExtensibilityGlobals) = postSolution
		SolutionGuid = {77B36EF8-F67C-44CF-A469-0610E99761EA}
	EndGlobalSection
EndGlobal
